// !$*UTF8*$!
{
	archiveVersion = 1;
	classes = {
	};
	objectVersion = 77;
	objects = {

/* Begin PBXBuildFile section */
		CA08F3982CB839460093117E /* PriceLevel1View.swift in Sources */ = {isa = PBXBuildFile; fileRef = CA08F3972CB839460093117E /* PriceLevel1View.swift */; };
		CA08F39A2CB8394C0093117E /* PriceLevel2View.swift in Sources */ = {isa = PBXBuildFile; fileRef = CA08F3992CB8394C0093117E /* PriceLevel2View.swift */; };
		CA08F39C2CB839520093117E /* PriceLevel3View.swift in Sources */ = {isa = PBXBuildFile; fileRef = CA08F39B2CB839520093117E /* PriceLevel3View.swift */; };
		CA08F39E2CB839580093117E /* PriceLevel4View.swift in Sources */ = {isa = PBXBuildFile; fileRef = CA08F39D2CB839580093117E /* PriceLevel4View.swift */; };
		CA08F3A02CB839600093117E /* PriceLevel5View.swift in Sources */ = {isa = PBXBuildFile; fileRef = CA08F39F2CB839600093117E /* PriceLevel5View.swift */; };
		CA10C02E2CAF85C1007DAB3A /* FirebaseMessaging in Frameworks */ = {isa = PBXBuildFile; productRef = CA10C02D2CAF85C1007DAB3A /* FirebaseMessaging */; };
		CA114FD72CB62D2A00AD5AD9 /* CourseListViewModel.swift in Sources */ = {isa = PBXBuildFile; fileRef = CA114FD62CB62D2A00AD5AD9 /* CourseListViewModel.swift */; };
		CA114FDA2CB62E7D00AD5AD9 /* NavigationTitleModifier.swift in Sources */ = {isa = PBXBuildFile; fileRef = CA114FD92CB62E7D00AD5AD9 /* NavigationTitleModifier.swift */; };
		CA114FDD2CB631A500AD5AD9 /* CourseCoverView.swift in Sources */ = {isa = PBXBuildFile; fileRef = CA114FDC2CB631A500AD5AD9 /* CourseCoverView.swift */; };
		CA114FEF2CB64B0E00AD5AD9 /* BasicEconomyCourseCover.json in Resources */ = {isa = PBXBuildFile; fileRef = CA114FEE2CB64B0E00AD5AD9 /* BasicEconomyCourseCover.json */; };
		CA17FC702CB005800050250B /* MainCustomTabView.swift in Sources */ = {isa = PBXBuildFile; fileRef = CA17FC6F2CB005800050250B /* MainCustomTabView.swift */; };
		CA17FC722CB005A10050250B /* MainTabCapsule.swift in Sources */ = {isa = PBXBuildFile; fileRef = CA17FC712CB005A10050250B /* MainTabCapsule.swift */; };
		CA17FC752CB005DB0050250B /* MainTab.swift in Sources */ = {isa = PBXBuildFile; fileRef = CA17FC742CB005DB0050250B /* MainTab.swift */; };
		CA17FC772CB009680050250B /* TitleColor.swift in Sources */ = {isa = PBXBuildFile; fileRef = CA17FC762CB009680050250B /* TitleColor.swift */; };
		CA17FC7D2CB00AB90050250B /* HomeView.swift in Sources */ = {isa = PBXBuildFile; fileRef = CA17FC7C2CB00AB90050250B /* HomeView.swift */; };
		CA17FC7F2CB00ABE0050250B /* CourseListView.swift in Sources */ = {isa = PBXBuildFile; fileRef = CA17FC7E2CB00ABE0050250B /* CourseListView.swift */; };
		CA17FC812CB00AC60050250B /* NewsView.swift in Sources */ = {isa = PBXBuildFile; fileRef = CA17FC802CB00AC60050250B /* NewsView.swift */; };
		CA17FC832CB00AD50050250B /* ProfileView.swift in Sources */ = {isa = PBXBuildFile; fileRef = CA17FC822CB00AD50050250B /* ProfileView.swift */; };
		CA17FC8A2CB01E820050250B /* CornerRadius.swift in Sources */ = {isa = PBXBuildFile; fileRef = CA17FC892CB01E820050250B /* CornerRadius.swift */; };
		CA17FC8C2CB01EBF0050250B /* RoundCorner.swift in Sources */ = {isa = PBXBuildFile; fileRef = CA17FC8B2CB01EBF0050250B /* RoundCorner.swift */; };
		CA1DDD382CB0E75000C84D08 /* Lottie in Frameworks */ = {isa = PBXBuildFile; productRef = CA1DDD372CB0E75000C84D08 /* Lottie */; };
		CA1DDD3B2CB0E7A900C84D08 /* LottieViewMain.swift in Sources */ = {isa = PBXBuildFile; fileRef = CA1DDD3A2CB0E7A900C84D08 /* LottieViewMain.swift */; };
		CA2E936A2CAFAEC000A883F1 /* NotificationManager.swift in Sources */ = {isa = PBXBuildFile; fileRef = CA2E93692CAFAEC000A883F1 /* NotificationManager.swift */; };
		CA2E936C2CAFB05800A883F1 /* Notification.swift in Sources */ = {isa = PBXBuildFile; fileRef = CA2E936B2CAFB05800A883F1 /* Notification.swift */; };
		CA2E936E2CAFB0B300A883F1 /* NotificationManager+Badge.swift in Sources */ = {isa = PBXBuildFile; fileRef = CA2E936D2CAFB0B300A883F1 /* NotificationManager+Badge.swift */; };
		CA3BBAA82CB50063007CA152 /* BasicSignupView.swift in Sources */ = {isa = PBXBuildFile; fileRef = CA3BBAA72CB50063007CA152 /* BasicSignupView.swift */; };
		CA3BBAAE2CB50144007CA152 /* BasicSignupViewModel.swift in Sources */ = {isa = PBXBuildFile; fileRef = CA3BBAAD2CB50144007CA152 /* BasicSignupViewModel.swift */; };
		CA3BBAB12CB5035E007CA152 /* LongButtonModifier.swift in Sources */ = {isa = PBXBuildFile; fileRef = CA3BBAB02CB5035E007CA152 /* LongButtonModifier.swift */; };
		CA3BBAB42CB50414007CA152 /* NavigationBackModifier.swift in Sources */ = {isa = PBXBuildFile; fileRef = CA3BBAB32CB50414007CA152 /* NavigationBackModifier.swift */; };
		CA3BBAB62CB50441007CA152 /* NavigationBackTitleModifier.swift in Sources */ = {isa = PBXBuildFile; fileRef = CA3BBAB52CB50441007CA152 /* NavigationBackTitleModifier.swift */; };
		CA4B4F072CB9577500C2D4E0 /* AuthManager+Course.swift in Sources */ = {isa = PBXBuildFile; fileRef = CA4B4F062CB9577500C2D4E0 /* AuthManager+Course.swift */; };
		CA4E71A52CB78A8300BAA70C /* Course.swift in Sources */ = {isa = PBXBuildFile; fileRef = CA4E71A42CB78A8300BAA70C /* Course.swift */; };
		CA4E71A82CB78B8400BAA70C /* CourseViewModel.swift in Sources */ = {isa = PBXBuildFile; fileRef = CA4E71A72CB78B8400BAA70C /* CourseViewModel.swift */; };
		CA4E71AB2CB78DE900BAA70C /* CourseIntroView.swift in Sources */ = {isa = PBXBuildFile; fileRef = CA4E71AA2CB78DE900BAA70C /* CourseIntroView.swift */; };
		CA58A4ED2CB6D9E900DB91BD /* ProgressCircleView.swift in Sources */ = {isa = PBXBuildFile; fileRef = CA58A4EC2CB6D9E900DB91BD /* ProgressCircleView.swift */; };
		CA662BCA2CAD72E6009E8D5F /* KakaoSDKAuth in Frameworks */ = {isa = PBXBuildFile; productRef = CA662BC92CAD72E6009E8D5F /* KakaoSDKAuth */; };
		CA662BCC2CAD72E6009E8D5F /* KakaoSDKCommon in Frameworks */ = {isa = PBXBuildFile; productRef = CA662BCB2CAD72E6009E8D5F /* KakaoSDKCommon */; };
		CA662BCE2CAD72E6009E8D5F /* KakaoSDKUser in Frameworks */ = {isa = PBXBuildFile; productRef = CA662BCD2CAD72E6009E8D5F /* KakaoSDKUser */; };
		CA662BD22CAD79F0009E8D5F /* Config.xcconfig in Resources */ = {isa = PBXBuildFile; fileRef = CA662BD12CAD79F0009E8D5F /* Config.xcconfig */; };
		CA6C54D42CB160A1008CF887 /* GoogleSignIn in Frameworks */ = {isa = PBXBuildFile; productRef = CA6C54D32CB160A1008CF887 /* GoogleSignIn */; };
		CA6C54D62CB160A1008CF887 /* GoogleSignInSwift in Frameworks */ = {isa = PBXBuildFile; productRef = CA6C54D52CB160A1008CF887 /* GoogleSignInSwift */; };
		CA77DFCD2CB24D0900992829 /* Loading.json in Resources */ = {isa = PBXBuildFile; fileRef = CA77DFCC2CB24D0900992829 /* Loading.json */; };
		CA77DFCF2CB256DD00992829 /* LoginViewModel+Google.swift in Sources */ = {isa = PBXBuildFile; fileRef = CA77DFCE2CB256DD00992829 /* LoginViewModel+Google.swift */; };
		CA77DFD22CB26D0100992829 /* CustomError.swift in Sources */ = {isa = PBXBuildFile; fileRef = CA77DFD12CB26D0100992829 /* CustomError.swift */; };
		CA92DDB32CB7D7A600A7D2A4 /* BasicEconomy1View.swift in Sources */ = {isa = PBXBuildFile; fileRef = CA92DDB22CB7D7A600A7D2A4 /* BasicEconomy1View.swift */; };
		CA92DDB52CB7D7AF00A7D2A4 /* BasicEconomy2View.swift in Sources */ = {isa = PBXBuildFile; fileRef = CA92DDB42CB7D7AF00A7D2A4 /* BasicEconomy2View.swift */; };
		CA92DDB72CB7D7B900A7D2A4 /* BasicEconomy3View.swift in Sources */ = {isa = PBXBuildFile; fileRef = CA92DDB62CB7D7B900A7D2A4 /* BasicEconomy3View.swift */; };
		CA92DDB92CB7D7C300A7D2A4 /* BasicEconomy4View.swift in Sources */ = {isa = PBXBuildFile; fileRef = CA92DDB82CB7D7C300A7D2A4 /* BasicEconomy4View.swift */; };
		CA92DDBB2CB7D7CD00A7D2A4 /* BasicEconomy5View.swift in Sources */ = {isa = PBXBuildFile; fileRef = CA92DDBA2CB7D7CD00A7D2A4 /* BasicEconomy5View.swift */; };
		CA9BB9CC2CABA59A00886A1A /* ContentView.swift in Sources */ = {isa = PBXBuildFile; fileRef = CA9BB9C82CABA59A00886A1A /* ContentView.swift */; };
		CA9BB9CD2CABA59A00886A1A /* EconomyStockApp.swift in Sources */ = {isa = PBXBuildFile; fileRef = CA9BB9C92CABA59A00886A1A /* EconomyStockApp.swift */; };
		CA9BB9CE2CABA59A00886A1A /* Preview Assets.xcassets in Resources */ = {isa = PBXBuildFile; fileRef = CA9BB9C42CABA59A00886A1A /* Preview Assets.xcassets */; };
		CA9BB9CF2CABA59A00886A1A /* .gitignore in Resources */ = {isa = PBXBuildFile; fileRef = CA9BB9C62CABA59A00886A1A /* .gitignore */; };
		CA9BB9D02CABA59A00886A1A /* Assets.xcassets in Resources */ = {isa = PBXBuildFile; fileRef = CA9BB9C72CABA59A00886A1A /* Assets.xcassets */; };
		CA9BB9D42CABA8C300886A1A /* SplashView.swift in Sources */ = {isa = PBXBuildFile; fileRef = CA9BB9D32CABA8C300886A1A /* SplashView.swift */; };
		CA9BB9D72CABA94400886A1A /* MainTabView.swift in Sources */ = {isa = PBXBuildFile; fileRef = CA9BB9D62CABA94400886A1A /* MainTabView.swift */; };
		CA9BB9DC2CABAACF00886A1A /* FirebaseAuth in Frameworks */ = {isa = PBXBuildFile; productRef = CA9BB9DB2CABAACF00886A1A /* FirebaseAuth */; };
		CA9BB9DE2CABAACF00886A1A /* FirebaseFirestore in Frameworks */ = {isa = PBXBuildFile; productRef = CA9BB9DD2CABAACF00886A1A /* FirebaseFirestore */; };
		CA9BB9E02CABAACF00886A1A /* FirebaseStorage in Frameworks */ = {isa = PBXBuildFile; productRef = CA9BB9DF2CABAACF00886A1A /* FirebaseStorage */; };
		CA9BB9E72CABAF5D00886A1A /* NavigationRouter.swift in Sources */ = {isa = PBXBuildFile; fileRef = CA9BB9E62CABAF5D00886A1A /* NavigationRouter.swift */; };
		CA9BB9E92CABB12700886A1A /* NavigationStackPath.swift in Sources */ = {isa = PBXBuildFile; fileRef = CA9BB9E82CABB12700886A1A /* NavigationStackPath.swift */; };
		CAACDE2D2CB8BBBA004234FF /* LottieRouter.swift in Sources */ = {isa = PBXBuildFile; fileRef = CAACDE2C2CB8BBBA004234FF /* LottieRouter.swift */; };
		CAAE54182CB8E34200B5352D /* PriceLevelCourseCover.json in Resources */ = {isa = PBXBuildFile; fileRef = CAAE54172CB8E34200B5352D /* PriceLevelCourseCover.json */; };
		CAB77FD72CB8EC2900DF11D6 /* CourseToolbarModifier.swift in Sources */ = {isa = PBXBuildFile; fileRef = CAB77FD62CB8EC2900DF11D6 /* CourseToolbarModifier.swift */; };
		CAB77FD92CB8EE1F00DF11D6 /* NavigationBackHomeModifier.swift in Sources */ = {isa = PBXBuildFile; fileRef = CAB77FD82CB8EE1F00DF11D6 /* NavigationBackHomeModifier.swift */; };
		CAD101DA2CB6853200CA9C6A /* NavigationGestureEnable.swift in Sources */ = {isa = PBXBuildFile; fileRef = CAD101D92CB6853200CA9C6A /* NavigationGestureEnable.swift */; };
		CAD101DE2CB68DFA00CA9C6A /* TileModifier.swift in Sources */ = {isa = PBXBuildFile; fileRef = CAD101DD2CB68DFA00CA9C6A /* TileModifier.swift */; };
		CAD101E22CB6905F00CA9C6A /* ShortButtonModifier.swift in Sources */ = {isa = PBXBuildFile; fileRef = CAD101E12CB6905F00CA9C6A /* ShortButtonModifier.swift */; };
		CAD101E42CB6959D00CA9C6A /* StudyingCourse.swift in Sources */ = {isa = PBXBuildFile; fileRef = CAD101E32CB6959D00CA9C6A /* StudyingCourse.swift */; };
		CAD9A1102CC515B000A4F70B /* CourseType.swift in Sources */ = {isa = PBXBuildFile; fileRef = CAD9A10F2CC515B000A4F70B /* CourseType.swift */; };
		CAEDDAB92CB53B3F0046162D /* BasicSignupFocusField.swift in Sources */ = {isa = PBXBuildFile; fileRef = CAEDDAB82CB53B3E0046162D /* BasicSignupFocusField.swift */; };
		CAEDDABD2CB56C330046162D /* BasicLoginView.swift in Sources */ = {isa = PBXBuildFile; fileRef = CAEDDABC2CB56C330046162D /* BasicLoginView.swift */; };
		CAEDDABF2CB56C4D0046162D /* BasicLoginViewModel.swift in Sources */ = {isa = PBXBuildFile; fileRef = CAEDDABE2CB56C4D0046162D /* BasicLoginViewModel.swift */; };
		CAEDDAC22CB570710046162D /* BasicLoginFocusField.swift in Sources */ = {isa = PBXBuildFile; fileRef = CAEDDAC12CB570710046162D /* BasicLoginFocusField.swift */; };
		CAEDDAC62CB5757E0046162D /* FindPasswordView.swift in Sources */ = {isa = PBXBuildFile; fileRef = CAEDDAC52CB5757E0046162D /* FindPasswordView.swift */; };
		CAEDDAC82CB575880046162D /* AccountSupportView.swift in Sources */ = {isa = PBXBuildFile; fileRef = CAEDDAC72CB575880046162D /* AccountSupportView.swift */; };
		CAEDDACC2CB575BD0046162D /* FindPasswordViewModel.swift in Sources */ = {isa = PBXBuildFile; fileRef = CAEDDACB2CB575BD0046162D /* FindPasswordViewModel.swift */; };
		CAEDDACE2CB575C60046162D /* AccountSupportViewModel.swift in Sources */ = {isa = PBXBuildFile; fileRef = CAEDDACD2CB575C60046162D /* AccountSupportViewModel.swift */; };
		CAEE16482CAD07B900210BD0 /* AuthManager.swift in Sources */ = {isa = PBXBuildFile; fileRef = CAEE16472CAD07B900210BD0 /* AuthManager.swift */; };
		CAEE164B2CAD082500210BD0 /* User.swift in Sources */ = {isa = PBXBuildFile; fileRef = CAEE164A2CAD082500210BD0 /* User.swift */; };
		CAEE164D2CAD08E600210BD0 /* FCMManager.swift in Sources */ = {isa = PBXBuildFile; fileRef = CAEE164C2CAD08E600210BD0 /* FCMManager.swift */; };
		CAEE164F2CAD096C00210BD0 /* NotificationType.swift in Sources */ = {isa = PBXBuildFile; fileRef = CAEE164E2CAD096C00210BD0 /* NotificationType.swift */; };
		CAEE16522CAD0C3F00210BD0 /* AuthManager+SocialLogin.swift in Sources */ = {isa = PBXBuildFile; fileRef = CAEE16512CAD0C3F00210BD0 /* AuthManager+SocialLogin.swift */; };
		CAEE16552CAD0C8100210BD0 /* CryptoSwift in Frameworks */ = {isa = PBXBuildFile; productRef = CAEE16542CAD0C8100210BD0 /* CryptoSwift */; };
		CAEE16582CAD0CA700210BD0 /* LoginView.swift in Sources */ = {isa = PBXBuildFile; fileRef = CAEE16572CAD0CA700210BD0 /* LoginView.swift */; };
		CAEE165A2CAD0CBA00210BD0 /* AuthManager+Hash.swift in Sources */ = {isa = PBXBuildFile; fileRef = CAEE16592CAD0CBA00210BD0 /* AuthManager+Hash.swift */; };
		CAEE16602CAD0D4D00210BD0 /* LoginViewModel.swift in Sources */ = {isa = PBXBuildFile; fileRef = CAEE165F2CAD0D4D00210BD0 /* LoginViewModel.swift */; };
		CAEE16632CAD0D7200210BD0 /* LoginViewModel+Kakao.swift in Sources */ = {isa = PBXBuildFile; fileRef = CAEE16622CAD0D7200210BD0 /* LoginViewModel+Kakao.swift */; };
		CAEE16652CAD0D7800210BD0 /* LoginViewModel+Apple.swift in Sources */ = {isa = PBXBuildFile; fileRef = CAEE16642CAD0D7800210BD0 /* LoginViewModel+Apple.swift */; };
		CAF2271D2CAE569B002868F4 /* GoogleService-Info.plist in Resources */ = {isa = PBXBuildFile; fileRef = CAF2271C2CAE569B002868F4 /* GoogleService-Info.plist */; };
/* End PBXBuildFile section */

/* Begin PBXFileReference section */
		CA08F3972CB839460093117E /* PriceLevel1View.swift */ = {isa = PBXFileReference; lastKnownFileType = sourcecode.swift; path = PriceLevel1View.swift; sourceTree = "<group>"; };
		CA08F3992CB8394C0093117E /* PriceLevel2View.swift */ = {isa = PBXFileReference; lastKnownFileType = sourcecode.swift; path = PriceLevel2View.swift; sourceTree = "<group>"; };
		CA08F39B2CB839520093117E /* PriceLevel3View.swift */ = {isa = PBXFileReference; lastKnownFileType = sourcecode.swift; path = PriceLevel3View.swift; sourceTree = "<group>"; };
		CA08F39D2CB839580093117E /* PriceLevel4View.swift */ = {isa = PBXFileReference; lastKnownFileType = sourcecode.swift; path = PriceLevel4View.swift; sourceTree = "<group>"; };
		CA08F39F2CB839600093117E /* PriceLevel5View.swift */ = {isa = PBXFileReference; lastKnownFileType = sourcecode.swift; path = PriceLevel5View.swift; sourceTree = "<group>"; };
		CA10C02C2CAF782E007DAB3A /* EconomyStock.entitlements */ = {isa = PBXFileReference; lastKnownFileType = text.plist.entitlements; path = EconomyStock.entitlements; sourceTree = "<group>"; };
		CA114FD62CB62D2A00AD5AD9 /* CourseListViewModel.swift */ = {isa = PBXFileReference; lastKnownFileType = sourcecode.swift; path = CourseListViewModel.swift; sourceTree = "<group>"; };
		CA114FD92CB62E7D00AD5AD9 /* NavigationTitleModifier.swift */ = {isa = PBXFileReference; lastKnownFileType = sourcecode.swift; path = NavigationTitleModifier.swift; sourceTree = "<group>"; };
		CA114FDC2CB631A500AD5AD9 /* CourseCoverView.swift */ = {isa = PBXFileReference; lastKnownFileType = sourcecode.swift; path = CourseCoverView.swift; sourceTree = "<group>"; };
		CA114FEE2CB64B0E00AD5AD9 /* BasicEconomyCourseCover.json */ = {isa = PBXFileReference; lastKnownFileType = text.json; path = BasicEconomyCourseCover.json; sourceTree = "<group>"; };
		CA17FC6F2CB005800050250B /* MainCustomTabView.swift */ = {isa = PBXFileReference; lastKnownFileType = sourcecode.swift; path = MainCustomTabView.swift; sourceTree = "<group>"; };
		CA17FC712CB005A10050250B /* MainTabCapsule.swift */ = {isa = PBXFileReference; lastKnownFileType = sourcecode.swift; path = MainTabCapsule.swift; sourceTree = "<group>"; };
		CA17FC742CB005DB0050250B /* MainTab.swift */ = {isa = PBXFileReference; lastKnownFileType = sourcecode.swift; path = MainTab.swift; sourceTree = "<group>"; };
		CA17FC762CB009680050250B /* TitleColor.swift */ = {isa = PBXFileReference; lastKnownFileType = sourcecode.swift; path = TitleColor.swift; sourceTree = "<group>"; };
		CA17FC7C2CB00AB90050250B /* HomeView.swift */ = {isa = PBXFileReference; lastKnownFileType = sourcecode.swift; path = HomeView.swift; sourceTree = "<group>"; };
		CA17FC7E2CB00ABE0050250B /* CourseListView.swift */ = {isa = PBXFileReference; lastKnownFileType = sourcecode.swift; path = CourseListView.swift; sourceTree = "<group>"; };
		CA17FC802CB00AC60050250B /* NewsView.swift */ = {isa = PBXFileReference; lastKnownFileType = sourcecode.swift; path = NewsView.swift; sourceTree = "<group>"; };
		CA17FC822CB00AD50050250B /* ProfileView.swift */ = {isa = PBXFileReference; lastKnownFileType = sourcecode.swift; path = ProfileView.swift; sourceTree = "<group>"; };
		CA17FC892CB01E820050250B /* CornerRadius.swift */ = {isa = PBXFileReference; lastKnownFileType = sourcecode.swift; path = CornerRadius.swift; sourceTree = "<group>"; };
		CA17FC8B2CB01EBF0050250B /* RoundCorner.swift */ = {isa = PBXFileReference; lastKnownFileType = sourcecode.swift; path = RoundCorner.swift; sourceTree = "<group>"; };
		CA1DDD3A2CB0E7A900C84D08 /* LottieViewMain.swift */ = {isa = PBXFileReference; lastKnownFileType = sourcecode.swift; path = LottieViewMain.swift; sourceTree = "<group>"; };
		CA2E93692CAFAEC000A883F1 /* NotificationManager.swift */ = {isa = PBXFileReference; lastKnownFileType = sourcecode.swift; path = NotificationManager.swift; sourceTree = "<group>"; };
		CA2E936B2CAFB05800A883F1 /* Notification.swift */ = {isa = PBXFileReference; lastKnownFileType = sourcecode.swift; path = Notification.swift; sourceTree = "<group>"; };
		CA2E936D2CAFB0B300A883F1 /* NotificationManager+Badge.swift */ = {isa = PBXFileReference; lastKnownFileType = sourcecode.swift; path = "NotificationManager+Badge.swift"; sourceTree = "<group>"; };
		CA3BBAA72CB50063007CA152 /* BasicSignupView.swift */ = {isa = PBXFileReference; lastKnownFileType = sourcecode.swift; path = BasicSignupView.swift; sourceTree = "<group>"; };
		CA3BBAAD2CB50144007CA152 /* BasicSignupViewModel.swift */ = {isa = PBXFileReference; lastKnownFileType = sourcecode.swift; path = BasicSignupViewModel.swift; sourceTree = "<group>"; };
		CA3BBAB02CB5035E007CA152 /* LongButtonModifier.swift */ = {isa = PBXFileReference; lastKnownFileType = sourcecode.swift; path = LongButtonModifier.swift; sourceTree = "<group>"; };
		CA3BBAB32CB50414007CA152 /* NavigationBackModifier.swift */ = {isa = PBXFileReference; lastKnownFileType = sourcecode.swift; path = NavigationBackModifier.swift; sourceTree = "<group>"; };
		CA3BBAB52CB50441007CA152 /* NavigationBackTitleModifier.swift */ = {isa = PBXFileReference; lastKnownFileType = sourcecode.swift; path = NavigationBackTitleModifier.swift; sourceTree = "<group>"; };
		CA4B4F062CB9577500C2D4E0 /* AuthManager+Course.swift */ = {isa = PBXFileReference; lastKnownFileType = sourcecode.swift; path = "AuthManager+Course.swift"; sourceTree = "<group>"; };
		CA4E71A42CB78A8300BAA70C /* Course.swift */ = {isa = PBXFileReference; lastKnownFileType = sourcecode.swift; path = Course.swift; sourceTree = "<group>"; };
		CA4E71A72CB78B8400BAA70C /* CourseViewModel.swift */ = {isa = PBXFileReference; lastKnownFileType = sourcecode.swift; path = CourseViewModel.swift; sourceTree = "<group>"; };
		CA4E71AA2CB78DE900BAA70C /* CourseIntroView.swift */ = {isa = PBXFileReference; lastKnownFileType = sourcecode.swift; path = CourseIntroView.swift; sourceTree = "<group>"; };
		CA58A4EC2CB6D9E900DB91BD /* ProgressCircleView.swift */ = {isa = PBXFileReference; lastKnownFileType = sourcecode.swift; path = ProgressCircleView.swift; sourceTree = "<group>"; };
		CA662BD12CAD79F0009E8D5F /* Config.xcconfig */ = {isa = PBXFileReference; lastKnownFileType = text.xcconfig; path = Config.xcconfig; sourceTree = "<group>"; };
		CA662BD32CAD7B86009E8D5F /* Info.plist */ = {isa = PBXFileReference; lastKnownFileType = text.plist; path = Info.plist; sourceTree = "<group>"; };
		CA77DFCC2CB24D0900992829 /* Loading.json */ = {isa = PBXFileReference; lastKnownFileType = text.json; path = Loading.json; sourceTree = "<group>"; };
		CA77DFCE2CB256DD00992829 /* LoginViewModel+Google.swift */ = {isa = PBXFileReference; lastKnownFileType = sourcecode.swift; path = "LoginViewModel+Google.swift"; sourceTree = "<group>"; };
		CA77DFD12CB26D0100992829 /* CustomError.swift */ = {isa = PBXFileReference; lastKnownFileType = sourcecode.swift; path = CustomError.swift; sourceTree = "<group>"; };
		CA83477C2CAAE28500BA1E4A /* EconomyStock.app */ = {isa = PBXFileReference; explicitFileType = wrapper.application; includeInIndex = 0; path = EconomyStock.app; sourceTree = BUILT_PRODUCTS_DIR; };
		CA92DDB22CB7D7A600A7D2A4 /* BasicEconomy1View.swift */ = {isa = PBXFileReference; lastKnownFileType = sourcecode.swift; path = BasicEconomy1View.swift; sourceTree = "<group>"; };
		CA92DDB42CB7D7AF00A7D2A4 /* BasicEconomy2View.swift */ = {isa = PBXFileReference; lastKnownFileType = sourcecode.swift; path = BasicEconomy2View.swift; sourceTree = "<group>"; };
		CA92DDB62CB7D7B900A7D2A4 /* BasicEconomy3View.swift */ = {isa = PBXFileReference; lastKnownFileType = sourcecode.swift; path = BasicEconomy3View.swift; sourceTree = "<group>"; };
		CA92DDB82CB7D7C300A7D2A4 /* BasicEconomy4View.swift */ = {isa = PBXFileReference; lastKnownFileType = sourcecode.swift; path = BasicEconomy4View.swift; sourceTree = "<group>"; };
		CA92DDBA2CB7D7CD00A7D2A4 /* BasicEconomy5View.swift */ = {isa = PBXFileReference; lastKnownFileType = sourcecode.swift; path = BasicEconomy5View.swift; sourceTree = "<group>"; };
		CA9BB9C42CABA59A00886A1A /* Preview Assets.xcassets */ = {isa = PBXFileReference; lastKnownFileType = folder.assetcatalog; path = "Preview Assets.xcassets"; sourceTree = "<group>"; };
		CA9BB9C62CABA59A00886A1A /* .gitignore */ = {isa = PBXFileReference; lastKnownFileType = text; path = .gitignore; sourceTree = "<group>"; };
		CA9BB9C72CABA59A00886A1A /* Assets.xcassets */ = {isa = PBXFileReference; lastKnownFileType = folder.assetcatalog; path = Assets.xcassets; sourceTree = "<group>"; };
		CA9BB9C82CABA59A00886A1A /* ContentView.swift */ = {isa = PBXFileReference; lastKnownFileType = sourcecode.swift; path = ContentView.swift; sourceTree = "<group>"; };
		CA9BB9C92CABA59A00886A1A /* EconomyStockApp.swift */ = {isa = PBXFileReference; lastKnownFileType = sourcecode.swift; path = EconomyStockApp.swift; sourceTree = "<group>"; };
		CA9BB9D32CABA8C300886A1A /* SplashView.swift */ = {isa = PBXFileReference; lastKnownFileType = sourcecode.swift; path = SplashView.swift; sourceTree = "<group>"; };
		CA9BB9D62CABA94400886A1A /* MainTabView.swift */ = {isa = PBXFileReference; lastKnownFileType = sourcecode.swift; path = MainTabView.swift; sourceTree = "<group>"; };
		CA9BB9E62CABAF5D00886A1A /* NavigationRouter.swift */ = {isa = PBXFileReference; lastKnownFileType = sourcecode.swift; path = NavigationRouter.swift; sourceTree = "<group>"; };
		CA9BB9E82CABB12700886A1A /* NavigationStackPath.swift */ = {isa = PBXFileReference; lastKnownFileType = sourcecode.swift; path = NavigationStackPath.swift; sourceTree = "<group>"; };
		CAACDE2C2CB8BBBA004234FF /* LottieRouter.swift */ = {isa = PBXFileReference; lastKnownFileType = sourcecode.swift; path = LottieRouter.swift; sourceTree = "<group>"; };
		CAAE54172CB8E34200B5352D /* PriceLevelCourseCover.json */ = {isa = PBXFileReference; lastKnownFileType = text.json; path = PriceLevelCourseCover.json; sourceTree = "<group>"; };
		CAB77FD62CB8EC2900DF11D6 /* CourseToolbarModifier.swift */ = {isa = PBXFileReference; lastKnownFileType = sourcecode.swift; path = CourseToolbarModifier.swift; sourceTree = "<group>"; };
		CAB77FD82CB8EE1F00DF11D6 /* NavigationBackHomeModifier.swift */ = {isa = PBXFileReference; lastKnownFileType = sourcecode.swift; path = NavigationBackHomeModifier.swift; sourceTree = "<group>"; };
		CAD101D92CB6853200CA9C6A /* NavigationGestureEnable.swift */ = {isa = PBXFileReference; lastKnownFileType = sourcecode.swift; path = NavigationGestureEnable.swift; sourceTree = "<group>"; };
		CAD101DD2CB68DFA00CA9C6A /* TileModifier.swift */ = {isa = PBXFileReference; lastKnownFileType = sourcecode.swift; path = TileModifier.swift; sourceTree = "<group>"; };
		CAD101E12CB6905F00CA9C6A /* ShortButtonModifier.swift */ = {isa = PBXFileReference; lastKnownFileType = sourcecode.swift; path = ShortButtonModifier.swift; sourceTree = "<group>"; };
		CAD101E32CB6959D00CA9C6A /* StudyingCourse.swift */ = {isa = PBXFileReference; lastKnownFileType = sourcecode.swift; path = StudyingCourse.swift; sourceTree = "<group>"; };
		CAD9A10F2CC515B000A4F70B /* CourseType.swift */ = {isa = PBXFileReference; lastKnownFileType = sourcecode.swift; path = CourseType.swift; sourceTree = "<group>"; };
		CAEDDAB82CB53B3E0046162D /* BasicSignupFocusField.swift */ = {isa = PBXFileReference; lastKnownFileType = sourcecode.swift; path = BasicSignupFocusField.swift; sourceTree = "<group>"; };
		CAEDDABC2CB56C330046162D /* BasicLoginView.swift */ = {isa = PBXFileReference; lastKnownFileType = sourcecode.swift; path = BasicLoginView.swift; sourceTree = "<group>"; };
		CAEDDABE2CB56C4D0046162D /* BasicLoginViewModel.swift */ = {isa = PBXFileReference; lastKnownFileType = sourcecode.swift; path = BasicLoginViewModel.swift; sourceTree = "<group>"; };
		CAEDDAC12CB570710046162D /* BasicLoginFocusField.swift */ = {isa = PBXFileReference; lastKnownFileType = sourcecode.swift; path = BasicLoginFocusField.swift; sourceTree = "<group>"; };
		CAEDDAC52CB5757E0046162D /* FindPasswordView.swift */ = {isa = PBXFileReference; lastKnownFileType = sourcecode.swift; path = FindPasswordView.swift; sourceTree = "<group>"; };
		CAEDDAC72CB575880046162D /* AccountSupportView.swift */ = {isa = PBXFileReference; lastKnownFileType = sourcecode.swift; path = AccountSupportView.swift; sourceTree = "<group>"; };
		CAEDDACB2CB575BD0046162D /* FindPasswordViewModel.swift */ = {isa = PBXFileReference; lastKnownFileType = sourcecode.swift; path = FindPasswordViewModel.swift; sourceTree = "<group>"; };
		CAEDDACD2CB575C60046162D /* AccountSupportViewModel.swift */ = {isa = PBXFileReference; lastKnownFileType = sourcecode.swift; path = AccountSupportViewModel.swift; sourceTree = "<group>"; };
		CAEE16472CAD07B900210BD0 /* AuthManager.swift */ = {isa = PBXFileReference; lastKnownFileType = sourcecode.swift; path = AuthManager.swift; sourceTree = "<group>"; };
		CAEE164A2CAD082500210BD0 /* User.swift */ = {isa = PBXFileReference; lastKnownFileType = sourcecode.swift; path = User.swift; sourceTree = "<group>"; };
		CAEE164C2CAD08E600210BD0 /* FCMManager.swift */ = {isa = PBXFileReference; lastKnownFileType = sourcecode.swift; path = FCMManager.swift; sourceTree = "<group>"; };
		CAEE164E2CAD096C00210BD0 /* NotificationType.swift */ = {isa = PBXFileReference; lastKnownFileType = sourcecode.swift; path = NotificationType.swift; sourceTree = "<group>"; };
		CAEE16512CAD0C3F00210BD0 /* AuthManager+SocialLogin.swift */ = {isa = PBXFileReference; lastKnownFileType = sourcecode.swift; path = "AuthManager+SocialLogin.swift"; sourceTree = "<group>"; };
		CAEE16572CAD0CA700210BD0 /* LoginView.swift */ = {isa = PBXFileReference; lastKnownFileType = sourcecode.swift; path = LoginView.swift; sourceTree = "<group>"; };
		CAEE16592CAD0CBA00210BD0 /* AuthManager+Hash.swift */ = {isa = PBXFileReference; lastKnownFileType = sourcecode.swift; path = "AuthManager+Hash.swift"; sourceTree = "<group>"; };
		CAEE165F2CAD0D4D00210BD0 /* LoginViewModel.swift */ = {isa = PBXFileReference; lastKnownFileType = sourcecode.swift; path = LoginViewModel.swift; sourceTree = "<group>"; };
		CAEE16622CAD0D7200210BD0 /* LoginViewModel+Kakao.swift */ = {isa = PBXFileReference; lastKnownFileType = sourcecode.swift; path = "LoginViewModel+Kakao.swift"; sourceTree = "<group>"; };
		CAEE16642CAD0D7800210BD0 /* LoginViewModel+Apple.swift */ = {isa = PBXFileReference; lastKnownFileType = sourcecode.swift; path = "LoginViewModel+Apple.swift"; sourceTree = "<group>"; };
		CAF2271C2CAE569B002868F4 /* GoogleService-Info.plist */ = {isa = PBXFileReference; lastKnownFileType = text.plist.xml; path = "GoogleService-Info.plist"; sourceTree = "<group>"; };
/* End PBXFileReference section */

/* Begin PBXFrameworksBuildPhase section */
		CA8347792CAAE28500BA1E4A /* Frameworks */ = {
			isa = PBXFrameworksBuildPhase;
			buildActionMask = 2147483647;
			files = (
				CA10C02E2CAF85C1007DAB3A /* FirebaseMessaging in Frameworks */,
				CA9BB9DC2CABAACF00886A1A /* FirebaseAuth in Frameworks */,
				CA1DDD382CB0E75000C84D08 /* Lottie in Frameworks */,
				CAEE16552CAD0C8100210BD0 /* CryptoSwift in Frameworks */,
				CA9BB9DE2CABAACF00886A1A /* FirebaseFirestore in Frameworks */,
				CA6C54D42CB160A1008CF887 /* GoogleSignIn in Frameworks */,
				CA662BCE2CAD72E6009E8D5F /* KakaoSDKUser in Frameworks */,
				CA9BB9E02CABAACF00886A1A /* FirebaseStorage in Frameworks */,
				CA662BCC2CAD72E6009E8D5F /* KakaoSDKCommon in Frameworks */,
				CA662BCA2CAD72E6009E8D5F /* KakaoSDKAuth in Frameworks */,
				CA6C54D62CB160A1008CF887 /* GoogleSignInSwift in Frameworks */,
			);
			runOnlyForDeploymentPostprocessing = 0;
		};
/* End PBXFrameworksBuildPhase section */

/* Begin PBXGroup section */
		CA08F3962CB838620093117E /* 2_PriceLevel */ = {
			isa = PBXGroup;
			children = (
				CA08F3972CB839460093117E /* PriceLevel1View.swift */,
				CA08F3992CB8394C0093117E /* PriceLevel2View.swift */,
				CA08F39B2CB839520093117E /* PriceLevel3View.swift */,
				CA08F39D2CB839580093117E /* PriceLevel4View.swift */,
				CA08F39F2CB839600093117E /* PriceLevel5View.swift */,
			);
			path = 2_PriceLevel;
			sourceTree = "<group>";
		};
		CA114FC42CB6218900AD5AD9 /* Loading */ = {
			isa = PBXGroup;
			children = (
				CA77DFCC2CB24D0900992829 /* Loading.json */,
			);
			path = Loading;
			sourceTree = "<group>";
		};
		CA114FD22CB6246E00AD5AD9 /* ViewModel */ = {
			isa = PBXGroup;
			children = (
			);
			path = ViewModel;
			sourceTree = "<group>";
		};
		CA114FD32CB6247A00AD5AD9 /* ViewModel */ = {
			isa = PBXGroup;
			children = (
			);
			path = ViewModel;
			sourceTree = "<group>";
		};
		CA114FD42CB6248C00AD5AD9 /* ViewModel */ = {
			isa = PBXGroup;
			children = (
				CA114FD62CB62D2A00AD5AD9 /* CourseListViewModel.swift */,
				CA92DDB02CB7D5B900A7D2A4 /* Course */,
			);
			path = ViewModel;
			sourceTree = "<group>";
		};
		CA114FD52CB6249500AD5AD9 /* ViewModel */ = {
			isa = PBXGroup;
			children = (
			);
			path = ViewModel;
			sourceTree = "<group>";
		};
		CA114FDB2CB6318200AD5AD9 /* Course */ = {
			isa = PBXGroup;
			children = (
				CA114FDC2CB631A500AD5AD9 /* CourseCoverView.swift */,
				CA4E71AA2CB78DE900BAA70C /* CourseIntroView.swift */,
				CA92DDB12CB7D74400A7D2A4 /* 1_BasicEconomy */,
				CA08F3962CB838620093117E /* 2_PriceLevel */,
			);
			path = Course;
			sourceTree = "<group>";
		};
		CA114FED2CB64ADD00AD5AD9 /* StudyingCover */ = {
			isa = PBXGroup;
			children = (
				CA114FEE2CB64B0E00AD5AD9 /* BasicEconomyCourseCover.json */,
				CAAE54172CB8E34200B5352D /* PriceLevelCourseCover.json */,
			);
			path = StudyingCover;
			sourceTree = "<group>";
		};
		CA17FC6E2CB0056B0050250B /* Tab */ = {
			isa = PBXGroup;
			children = (
				CA17FC882CB01E440050250B /* RoundCorner */,
				CA17FC6F2CB005800050250B /* MainCustomTabView.swift */,
			);
			path = Tab;
			sourceTree = "<group>";
		};
		CA17FC732CB005C50050250B /* Capsule */ = {
			isa = PBXGroup;
			children = (
				CA17FC712CB005A10050250B /* MainTabCapsule.swift */,
			);
			path = Capsule;
			sourceTree = "<group>";
		};
		CA17FC782CB00A7A0050250B /* Home */ = {
			isa = PBXGroup;
			children = (
				CA17FC842CB00ADB0050250B /* View */,
				CA114FD52CB6249500AD5AD9 /* ViewModel */,
			);
			path = Home;
			sourceTree = "<group>";
		};
		CA17FC792CB00A7E0050250B /* Studying */ = {
			isa = PBXGroup;
			children = (
				CA17FC852CB00AE00050250B /* View */,
				CA114FD42CB6248C00AD5AD9 /* ViewModel */,
			);
			path = Studying;
			sourceTree = "<group>";
		};
		CA17FC7A2CB00A990050250B /* News */ = {
			isa = PBXGroup;
			children = (
				CA17FC862CB00AE40050250B /* View */,
				CA114FD32CB6247A00AD5AD9 /* ViewModel */,
			);
			path = News;
			sourceTree = "<group>";
		};
		CA17FC7B2CB00AA90050250B /* Profile */ = {
			isa = PBXGroup;
			children = (
				CA17FC872CB00AE70050250B /* View */,
				CA114FD22CB6246E00AD5AD9 /* ViewModel */,
			);
			path = Profile;
			sourceTree = "<group>";
		};
		CA17FC842CB00ADB0050250B /* View */ = {
			isa = PBXGroup;
			children = (
				CA17FC7C2CB00AB90050250B /* HomeView.swift */,
			);
			path = View;
			sourceTree = "<group>";
		};
		CA17FC852CB00AE00050250B /* View */ = {
			isa = PBXGroup;
			children = (
				CA17FC7E2CB00ABE0050250B /* CourseListView.swift */,
				CA114FDB2CB6318200AD5AD9 /* Course */,
			);
			path = View;
			sourceTree = "<group>";
		};
		CA17FC862CB00AE40050250B /* View */ = {
			isa = PBXGroup;
			children = (
				CA17FC802CB00AC60050250B /* NewsView.swift */,
			);
			path = View;
			sourceTree = "<group>";
		};
		CA17FC872CB00AE70050250B /* View */ = {
			isa = PBXGroup;
			children = (
				CA17FC822CB00AD50050250B /* ProfileView.swift */,
			);
			path = View;
			sourceTree = "<group>";
		};
		CA17FC882CB01E440050250B /* RoundCorner */ = {
			isa = PBXGroup;
			children = (
				CA17FC892CB01E820050250B /* CornerRadius.swift */,
				CA17FC8B2CB01EBF0050250B /* RoundCorner.swift */,
			);
			path = RoundCorner;
			sourceTree = "<group>";
		};
		CA1DDD392CB0E79900C84D08 /* Lottie */ = {
			isa = PBXGroup;
			children = (
				CA77DFCB2CB24D0100992829 /* Json */,
				CA1DDD3A2CB0E7A900C84D08 /* LottieViewMain.swift */,
				CAACDE2C2CB8BBBA004234FF /* LottieRouter.swift */,
			);
			path = Lottie;
			sourceTree = "<group>";
		};
		CA2E93682CAFAEB000A883F1 /* Notification */ = {
			isa = PBXGroup;
			children = (
				CA2E93692CAFAEC000A883F1 /* NotificationManager.swift */,
				CA2E936D2CAFB0B300A883F1 /* NotificationManager+Badge.swift */,
			);
			path = Notification;
			sourceTree = "<group>";
		};
		CA3BBAA92CB50083007CA152 /* BasicSignup */ = {
			isa = PBXGroup;
			children = (
				CA3BBAA72CB50063007CA152 /* BasicSignupView.swift */,
			);
			path = BasicSignup;
			sourceTree = "<group>";
		};
		CA3BBAAA2CB500AC007CA152 /* BasicSignup */ = {
			isa = PBXGroup;
			children = (
				CA3BBAAD2CB50144007CA152 /* BasicSignupViewModel.swift */,
			);
			path = BasicSignup;
			sourceTree = "<group>";
		};
		CA3BBAAF2CB502AC007CA152 /* Modifier */ = {
			isa = PBXGroup;
			children = (
				CAB77FD52CB8EC1600DF11D6 /* Course */,
				CA3BBAB22CB50403007CA152 /* Navigation */,
				CA3BBAB72CB50497007CA152 /* Button */,
				CAD101DC2CB68DEB00CA9C6A /* Tile */,
			);
			path = Modifier;
			sourceTree = "<group>";
		};
		CA3BBAB22CB50403007CA152 /* Navigation */ = {
			isa = PBXGroup;
			children = (
				CA3BBAB32CB50414007CA152 /* NavigationBackModifier.swift */,
				CAB77FD82CB8EE1F00DF11D6 /* NavigationBackHomeModifier.swift */,
				CA3BBAB52CB50441007CA152 /* NavigationBackTitleModifier.swift */,
				CA114FD92CB62E7D00AD5AD9 /* NavigationTitleModifier.swift */,
			);
			path = Navigation;
			sourceTree = "<group>";
		};
		CA3BBAB72CB50497007CA152 /* Button */ = {
			isa = PBXGroup;
			children = (
				CA3BBAB02CB5035E007CA152 /* LongButtonModifier.swift */,
				CAD101E12CB6905F00CA9C6A /* ShortButtonModifier.swift */,
			);
			path = Button;
			sourceTree = "<group>";
		};
		CA58A4EB2CB6D9DB00DB91BD /* ProgressCircle */ = {
			isa = PBXGroup;
			children = (
				CA58A4EC2CB6D9E900DB91BD /* ProgressCircleView.swift */,
			);
			path = ProgressCircle;
			sourceTree = "<group>";
		};
		CA77DFCB2CB24D0100992829 /* Json */ = {
			isa = PBXGroup;
			children = (
				CA114FED2CB64ADD00AD5AD9 /* StudyingCover */,
				CA114FC42CB6218900AD5AD9 /* Loading */,
			);
			path = Json;
			sourceTree = "<group>";
		};
		CA77DFD02CB26CF100992829 /* Error */ = {
			isa = PBXGroup;
			children = (
				CA77DFD12CB26D0100992829 /* CustomError.swift */,
			);
			path = Error;
			sourceTree = "<group>";
		};
		CA8347732CAAE28500BA1E4A = {
			isa = PBXGroup;
			children = (
				CA9BB9CA2CABA59A00886A1A /* EconomyStock */,
				CA83477D2CAAE28500BA1E4A /* Products */,
			);
			sourceTree = "<group>";
		};
		CA83477D2CAAE28500BA1E4A /* Products */ = {
			isa = PBXGroup;
			children = (
				CA83477C2CAAE28500BA1E4A /* EconomyStock.app */,
			);
			name = Products;
			sourceTree = "<group>";
		};
		CA92DDB02CB7D5B900A7D2A4 /* Course */ = {
			isa = PBXGroup;
			children = (
				CA4E71A72CB78B8400BAA70C /* CourseViewModel.swift */,
			);
			path = Course;
			sourceTree = "<group>";
		};
		CA92DDB12CB7D74400A7D2A4 /* 1_BasicEconomy */ = {
			isa = PBXGroup;
			children = (
				CA92DDB22CB7D7A600A7D2A4 /* BasicEconomy1View.swift */,
				CA92DDB42CB7D7AF00A7D2A4 /* BasicEconomy2View.swift */,
				CA92DDB62CB7D7B900A7D2A4 /* BasicEconomy3View.swift */,
				CA92DDB82CB7D7C300A7D2A4 /* BasicEconomy4View.swift */,
				CA92DDBA2CB7D7CD00A7D2A4 /* BasicEconomy5View.swift */,
			);
			path = 1_BasicEconomy;
			sourceTree = "<group>";
		};
		CA9BB9C32CABA59A00886A1A /* Component */ = {
			isa = PBXGroup;
			children = (
				CAD101D82CB6851200CA9C6A /* NavigationGesture */,
				CA3BBAAF2CB502AC007CA152 /* Modifier */,
				CA1DDD392CB0E79900C84D08 /* Lottie */,
				CA17FC732CB005C50050250B /* Capsule */,
				CA17FC6E2CB0056B0050250B /* Tab */,
				CA9BB9D52CABA8DD00886A1A /* Color */,
				CA9BB9D22CABA8BA00886A1A /* Splash */,
				CA58A4EB2CB6D9DB00DB91BD /* ProgressCircle */,
			);
			path = Component;
			sourceTree = "<group>";
		};
		CA9BB9C52CABA59A00886A1A /* Preview Content */ = {
			isa = PBXGroup;
			children = (
				CA9BB9C42CABA59A00886A1A /* Preview Assets.xcassets */,
			);
			path = "Preview Content";
			sourceTree = "<group>";
		};
		CA9BB9CA2CABA59A00886A1A /* EconomyStock */ = {
			isa = PBXGroup;
			children = (
				CA10C02C2CAF782E007DAB3A /* EconomyStock.entitlements */,
				CA662BD32CAD7B86009E8D5F /* Info.plist */,
				CAF2271C2CAE569B002868F4 /* GoogleService-Info.plist */,
				CA9BB9C92CABA59A00886A1A /* EconomyStockApp.swift */,
				CA9BB9C82CABA59A00886A1A /* ContentView.swift */,
				CA9BB9D62CABA94400886A1A /* MainTabView.swift */,
				CA9BB9E42CABAF0A00886A1A /* NavigationRouter */,
				CA9BB9E12CABAEEB00886A1A /* Manager */,
				CAEE16562CAD0C9B00210BD0 /* VVM */,
				CA9BB9C32CABA59A00886A1A /* Component */,
				CAEE16492CAD081A00210BD0 /* Model */,
				CA9BB9E52CABAF1B00886A1A /* Enum */,
				CA9BB9C72CABA59A00886A1A /* Assets.xcassets */,
				CA9BB9C62CABA59A00886A1A /* .gitignore */,
				CA9BB9C52CABA59A00886A1A /* Preview Content */,
				CA662BD12CAD79F0009E8D5F /* Config.xcconfig */,
			);
			path = EconomyStock;
			sourceTree = "<group>";
		};
		CA9BB9D22CABA8BA00886A1A /* Splash */ = {
			isa = PBXGroup;
			children = (
				CA9BB9D32CABA8C300886A1A /* SplashView.swift */,
			);
			path = Splash;
			sourceTree = "<group>";
		};
		CA9BB9D52CABA8DD00886A1A /* Color */ = {
			isa = PBXGroup;
			children = (
				CA17FC762CB009680050250B /* TitleColor.swift */,
			);
			path = Color;
			sourceTree = "<group>";
		};
		CA9BB9E12CABAEEB00886A1A /* Manager */ = {
			isa = PBXGroup;
			children = (
				CAEE16502CAD0C2E00210BD0 /* Auth */,
				CAEE165B2CAD0D1400210BD0 /* FCM */,
				CA2E93682CAFAEB000A883F1 /* Notification */,
			);
			path = Manager;
			sourceTree = "<group>";
		};
		CA9BB9E42CABAF0A00886A1A /* NavigationRouter */ = {
			isa = PBXGroup;
			children = (
				CA9BB9E62CABAF5D00886A1A /* NavigationRouter.swift */,
			);
			path = NavigationRouter;
			sourceTree = "<group>";
		};
		CA9BB9E52CABAF1B00886A1A /* Enum */ = {
			isa = PBXGroup;
			children = (
				CAD9A10E2CC515A300A4F70B /* Course */,
				CA77DFD02CB26CF100992829 /* Error */,
				CAEDDACF2CB575DB0046162D /* Navigation */,
				CAEDDAD02CB575E20046162D /* Notification */,
				CAEDDAD12CB575EA0046162D /* Tab */,
				CAEDDAC02CB570610046162D /* FocusField */,
			);
			path = Enum;
			sourceTree = "<group>";
		};
		CAB77FD52CB8EC1600DF11D6 /* Course */ = {
			isa = PBXGroup;
			children = (
				CAB77FD62CB8EC2900DF11D6 /* CourseToolbarModifier.swift */,
			);
			path = Course;
			sourceTree = "<group>";
		};
		CAD101D82CB6851200CA9C6A /* NavigationGesture */ = {
			isa = PBXGroup;
			children = (
				CAD101D92CB6853200CA9C6A /* NavigationGestureEnable.swift */,
			);
			path = NavigationGesture;
			sourceTree = "<group>";
		};
		CAD101DC2CB68DEB00CA9C6A /* Tile */ = {
			isa = PBXGroup;
			children = (
				CAD101DD2CB68DFA00CA9C6A /* TileModifier.swift */,
			);
			path = Tile;
			sourceTree = "<group>";
		};
		CAD9A10E2CC515A300A4F70B /* Course */ = {
			isa = PBXGroup;
			children = (
				CAD9A10F2CC515B000A4F70B /* CourseType.swift */,
			);
			path = Course;
			sourceTree = "<group>";
		};
		CAEDDABA2CB56C020046162D /* BasicLogin */ = {
			isa = PBXGroup;
			children = (
				CAEDDABC2CB56C330046162D /* BasicLoginView.swift */,
				CA3BBAA92CB50083007CA152 /* BasicSignup */,
				CAEDDAC32CB5751E0046162D /* FindPasswordView */,
				CAEDDAC42CB5752C0046162D /* AccountSupportView */,
			);
			path = BasicLogin;
			sourceTree = "<group>";
		};
		CAEDDABB2CB56C1A0046162D /* BasicLogin */ = {
			isa = PBXGroup;
			children = (
				CAEDDABE2CB56C4D0046162D /* BasicLoginViewModel.swift */,
				CA3BBAAA2CB500AC007CA152 /* BasicSignup */,
				CAEDDAC92CB5758F0046162D /* FindPasswordView */,
				CAEDDACA2CB575A90046162D /* AccountSupportView */,
			);
			path = BasicLogin;
			sourceTree = "<group>";
		};
		CAEDDAC02CB570610046162D /* FocusField */ = {
			isa = PBXGroup;
			children = (
				CAEDDAB82CB53B3E0046162D /* BasicSignupFocusField.swift */,
				CAEDDAC12CB570710046162D /* BasicLoginFocusField.swift */,
			);
			path = FocusField;
			sourceTree = "<group>";
		};
		CAEDDAC32CB5751E0046162D /* FindPasswordView */ = {
			isa = PBXGroup;
			children = (
				CAEDDAC52CB5757E0046162D /* FindPasswordView.swift */,
			);
			path = FindPasswordView;
			sourceTree = "<group>";
		};
		CAEDDAC42CB5752C0046162D /* AccountSupportView */ = {
			isa = PBXGroup;
			children = (
				CAEDDAC72CB575880046162D /* AccountSupportView.swift */,
			);
			path = AccountSupportView;
			sourceTree = "<group>";
		};
		CAEDDAC92CB5758F0046162D /* FindPasswordView */ = {
			isa = PBXGroup;
			children = (
				CAEDDACB2CB575BD0046162D /* FindPasswordViewModel.swift */,
			);
			path = FindPasswordView;
			sourceTree = "<group>";
		};
		CAEDDACA2CB575A90046162D /* AccountSupportView */ = {
			isa = PBXGroup;
			children = (
				CAEDDACD2CB575C60046162D /* AccountSupportViewModel.swift */,
			);
			path = AccountSupportView;
			sourceTree = "<group>";
		};
		CAEDDACF2CB575DB0046162D /* Navigation */ = {
			isa = PBXGroup;
			children = (
				CA9BB9E82CABB12700886A1A /* NavigationStackPath.swift */,
			);
			path = Navigation;
			sourceTree = "<group>";
		};
		CAEDDAD02CB575E20046162D /* Notification */ = {
			isa = PBXGroup;
			children = (
				CAEE164E2CAD096C00210BD0 /* NotificationType.swift */,
			);
			path = Notification;
			sourceTree = "<group>";
		};
		CAEDDAD12CB575EA0046162D /* Tab */ = {
			isa = PBXGroup;
			children = (
				CA17FC742CB005DB0050250B /* MainTab.swift */,
			);
			path = Tab;
			sourceTree = "<group>";
		};
		CAEE16492CAD081A00210BD0 /* Model */ = {
			isa = PBXGroup;
			children = (
				CAEE164A2CAD082500210BD0 /* User.swift */,
				CA2E936B2CAFB05800A883F1 /* Notification.swift */,
				CAD101E32CB6959D00CA9C6A /* StudyingCourse.swift */,
				CA4E71A42CB78A8300BAA70C /* Course.swift */,
			);
			path = Model;
			sourceTree = "<group>";
		};
		CAEE16502CAD0C2E00210BD0 /* Auth */ = {
			isa = PBXGroup;
			children = (
				CAEE16472CAD07B900210BD0 /* AuthManager.swift */,
				CAEE16512CAD0C3F00210BD0 /* AuthManager+SocialLogin.swift */,
				CAEE16592CAD0CBA00210BD0 /* AuthManager+Hash.swift */,
				CA4B4F062CB9577500C2D4E0 /* AuthManager+Course.swift */,
			);
			path = Auth;
			sourceTree = "<group>";
		};
		CAEE16562CAD0C9B00210BD0 /* VVM */ = {
			isa = PBXGroup;
			children = (
				CAEE165C2CAD0D2300210BD0 /* Auth */,
				CAEE165D2CAD0D2F00210BD0 /* MainTab */,
			);
			path = VVM;
			sourceTree = "<group>";
		};
		CAEE165B2CAD0D1400210BD0 /* FCM */ = {
			isa = PBXGroup;
			children = (
				CAEE164C2CAD08E600210BD0 /* FCMManager.swift */,
			);
			path = FCM;
			sourceTree = "<group>";
		};
		CAEE165C2CAD0D2300210BD0 /* Auth */ = {
			isa = PBXGroup;
			children = (
				CAEE165E2CAD0D3D00210BD0 /* View */,
				CAEE16612CAD0D5100210BD0 /* ViewModel */,
			);
			path = Auth;
			sourceTree = "<group>";
		};
		CAEE165D2CAD0D2F00210BD0 /* MainTab */ = {
			isa = PBXGroup;
			children = (
				CA17FC782CB00A7A0050250B /* Home */,
				CA17FC792CB00A7E0050250B /* Studying */,
				CA17FC7A2CB00A990050250B /* News */,
				CA17FC7B2CB00AA90050250B /* Profile */,
			);
			path = MainTab;
			sourceTree = "<group>";
		};
		CAEE165E2CAD0D3D00210BD0 /* View */ = {
			isa = PBXGroup;
			children = (
				CAEE16572CAD0CA700210BD0 /* LoginView.swift */,
				CAEDDABA2CB56C020046162D /* BasicLogin */,
			);
			path = View;
			sourceTree = "<group>";
		};
		CAEE16612CAD0D5100210BD0 /* ViewModel */ = {
			isa = PBXGroup;
			children = (
				CAEE165F2CAD0D4D00210BD0 /* LoginViewModel.swift */,
				CAEE16642CAD0D7800210BD0 /* LoginViewModel+Apple.swift */,
				CA77DFCE2CB256DD00992829 /* LoginViewModel+Google.swift */,
				CAEE16622CAD0D7200210BD0 /* LoginViewModel+Kakao.swift */,
				CAEDDABB2CB56C1A0046162D /* BasicLogin */,
			);
			path = ViewModel;
			sourceTree = "<group>";
		};
/* End PBXGroup section */

/* Begin PBXNativeTarget section */
		CA83477B2CAAE28500BA1E4A /* EconomyStock */ = {
			isa = PBXNativeTarget;
			buildConfigurationList = CA83478A2CAAE28600BA1E4A /* Build configuration list for PBXNativeTarget "EconomyStock" */;
			buildPhases = (
				CA8347782CAAE28500BA1E4A /* Sources */,
				CA8347792CAAE28500BA1E4A /* Frameworks */,
				CA83477A2CAAE28500BA1E4A /* Resources */,
			);
			buildRules = (
			);
			dependencies = (
			);
			name = EconomyStock;
			packageProductDependencies = (
				CA9BB9DB2CABAACF00886A1A /* FirebaseAuth */,
				CA9BB9DD2CABAACF00886A1A /* FirebaseFirestore */,
				CA9BB9DF2CABAACF00886A1A /* FirebaseStorage */,
				CAEE16542CAD0C8100210BD0 /* CryptoSwift */,
				CA662BC92CAD72E6009E8D5F /* KakaoSDKAuth */,
				CA662BCB2CAD72E6009E8D5F /* KakaoSDKCommon */,
				CA662BCD2CAD72E6009E8D5F /* KakaoSDKUser */,
				CA10C02D2CAF85C1007DAB3A /* FirebaseMessaging */,
				CA1DDD372CB0E75000C84D08 /* Lottie */,
				CA6C54D32CB160A1008CF887 /* GoogleSignIn */,
				CA6C54D52CB160A1008CF887 /* GoogleSignInSwift */,
			);
			productName = EconomyStock;
			productReference = CA83477C2CAAE28500BA1E4A /* EconomyStock.app */;
			productType = "com.apple.product-type.application";
		};
/* End PBXNativeTarget section */

/* Begin PBXProject section */
		CA8347742CAAE28500BA1E4A /* Project object */ = {
			isa = PBXProject;
			attributes = {
				BuildIndependentTargetsInParallel = 1;
				LastSwiftUpdateCheck = 1600;
				LastUpgradeCheck = 1600;
				TargetAttributes = {
					CA83477B2CAAE28500BA1E4A = {
						CreatedOnToolsVersion = 16.0;
					};
				};
			};
			buildConfigurationList = CA8347772CAAE28500BA1E4A /* Build configuration list for PBXProject "EconomyStock" */;
			developmentRegion = en;
			hasScannedForEncodings = 0;
			knownRegions = (
				en,
				Base,
			);
			mainGroup = CA8347732CAAE28500BA1E4A;
			minimizedProjectReferenceProxies = 1;
			packageReferences = (
				CA9BB9DA2CABAACF00886A1A /* XCRemoteSwiftPackageReference "firebase-ios-sdk" */,
				CAEE16532CAD0C8100210BD0 /* XCRemoteSwiftPackageReference "CryptoSwift" */,
				CA662BC82CAD72E6009E8D5F /* XCRemoteSwiftPackageReference "kakao-ios-sdk" */,
				CA1DDD362CB0E75000C84D08 /* XCRemoteSwiftPackageReference "lottie-ios" */,
				CA6C54D22CB160A1008CF887 /* XCRemoteSwiftPackageReference "GoogleSignIn-iOS" */,
			);
			preferredProjectObjectVersion = 77;
			productRefGroup = CA83477D2CAAE28500BA1E4A /* Products */;
			projectDirPath = "";
			projectRoot = "";
			targets = (
				CA83477B2CAAE28500BA1E4A /* EconomyStock */,
			);
		};
/* End PBXProject section */

/* Begin PBXResourcesBuildPhase section */
		CA83477A2CAAE28500BA1E4A /* Resources */ = {
			isa = PBXResourcesBuildPhase;
			buildActionMask = 2147483647;
			files = (
				CA9BB9CE2CABA59A00886A1A /* Preview Assets.xcassets in Resources */,
				CA662BD22CAD79F0009E8D5F /* Config.xcconfig in Resources */,
				CA77DFCD2CB24D0900992829 /* Loading.json in Resources */,
				CAF2271D2CAE569B002868F4 /* GoogleService-Info.plist in Resources */,
				CA9BB9CF2CABA59A00886A1A /* .gitignore in Resources */,
				CAAE54182CB8E34200B5352D /* PriceLevelCourseCover.json in Resources */,
				CA9BB9D02CABA59A00886A1A /* Assets.xcassets in Resources */,
				CA114FEF2CB64B0E00AD5AD9 /* BasicEconomyCourseCover.json in Resources */,
			);
			runOnlyForDeploymentPostprocessing = 0;
		};
/* End PBXResourcesBuildPhase section */

/* Begin PBXSourcesBuildPhase section */
		CA8347782CAAE28500BA1E4A /* Sources */ = {
			isa = PBXSourcesBuildPhase;
			buildActionMask = 2147483647;
			files = (
				CAD9A1102CC515B000A4F70B /* CourseType.swift in Sources */,
				CA3BBAB62CB50441007CA152 /* NavigationBackTitleModifier.swift in Sources */,
				CAEE16482CAD07B900210BD0 /* AuthManager.swift in Sources */,
				CAEE165A2CAD0CBA00210BD0 /* AuthManager+Hash.swift in Sources */,
				CAEE16652CAD0D7800210BD0 /* LoginViewModel+Apple.swift in Sources */,
				CA17FC752CB005DB0050250B /* MainTab.swift in Sources */,
				CAEDDACE2CB575C60046162D /* AccountSupportViewModel.swift in Sources */,
				CAEE164D2CAD08E600210BD0 /* FCMManager.swift in Sources */,
				CA92DDB52CB7D7AF00A7D2A4 /* BasicEconomy2View.swift in Sources */,
				CA08F3982CB839460093117E /* PriceLevel1View.swift in Sources */,
				CA92DDB32CB7D7A600A7D2A4 /* BasicEconomy1View.swift in Sources */,
				CA4E71A52CB78A8300BAA70C /* Course.swift in Sources */,
				CAEE16602CAD0D4D00210BD0 /* LoginViewModel.swift in Sources */,
				CAEDDAC82CB575880046162D /* AccountSupportView.swift in Sources */,
				CAEDDAC22CB570710046162D /* BasicLoginFocusField.swift in Sources */,
				CAEE16632CAD0D7200210BD0 /* LoginViewModel+Kakao.swift in Sources */,
				CA58A4ED2CB6D9E900DB91BD /* ProgressCircleView.swift in Sources */,
				CA17FC722CB005A10050250B /* MainTabCapsule.swift in Sources */,
				CAACDE2D2CB8BBBA004234FF /* LottieRouter.swift in Sources */,
				CA9BB9D42CABA8C300886A1A /* SplashView.swift in Sources */,
				CA9BB9E72CABAF5D00886A1A /* NavigationRouter.swift in Sources */,
				CAD101E42CB6959D00CA9C6A /* StudyingCourse.swift in Sources */,
				CA17FC832CB00AD50050250B /* ProfileView.swift in Sources */,
				CA9BB9CC2CABA59A00886A1A /* ContentView.swift in Sources */,
				CAB77FD92CB8EE1F00DF11D6 /* NavigationBackHomeModifier.swift in Sources */,
				CA3BBAA82CB50063007CA152 /* BasicSignupView.swift in Sources */,
				CAEDDABF2CB56C4D0046162D /* BasicLoginViewModel.swift in Sources */,
				CA77DFCF2CB256DD00992829 /* LoginViewModel+Google.swift in Sources */,
				CA17FC7F2CB00ABE0050250B /* CourseListView.swift in Sources */,
				CAEE16522CAD0C3F00210BD0 /* AuthManager+SocialLogin.swift in Sources */,
				CAEE16582CAD0CA700210BD0 /* LoginView.swift in Sources */,
				CA17FC7D2CB00AB90050250B /* HomeView.swift in Sources */,
				CA77DFD22CB26D0100992829 /* CustomError.swift in Sources */,
				CAEDDABD2CB56C330046162D /* BasicLoginView.swift in Sources */,
				CA17FC812CB00AC60050250B /* NewsView.swift in Sources */,
				CA92DDB92CB7D7C300A7D2A4 /* BasicEconomy4View.swift in Sources */,
				CA114FDD2CB631A500AD5AD9 /* CourseCoverView.swift in Sources */,
				CA4B4F072CB9577500C2D4E0 /* AuthManager+Course.swift in Sources */,
				CAEDDACC2CB575BD0046162D /* FindPasswordViewModel.swift in Sources */,
				CAD101DA2CB6853200CA9C6A /* NavigationGestureEnable.swift in Sources */,
				CAD101E22CB6905F00CA9C6A /* ShortButtonModifier.swift in Sources */,
				CA3BBAB42CB50414007CA152 /* NavigationBackModifier.swift in Sources */,
				CA9BB9CD2CABA59A00886A1A /* EconomyStockApp.swift in Sources */,
				CA3BBAB12CB5035E007CA152 /* LongButtonModifier.swift in Sources */,
				CA2E936E2CAFB0B300A883F1 /* NotificationManager+Badge.swift in Sources */,
				CA9BB9E92CABB12700886A1A /* NavigationStackPath.swift in Sources */,
				CA08F39A2CB8394C0093117E /* PriceLevel2View.swift in Sources */,
				CAEDDAC62CB5757E0046162D /* FindPasswordView.swift in Sources */,
				CA08F39C2CB839520093117E /* PriceLevel3View.swift in Sources */,
				CA17FC702CB005800050250B /* MainCustomTabView.swift in Sources */,
				CA1DDD3B2CB0E7A900C84D08 /* LottieViewMain.swift in Sources */,
				CA92DDB72CB7D7B900A7D2A4 /* BasicEconomy3View.swift in Sources */,
				CA08F39E2CB839580093117E /* PriceLevel4View.swift in Sources */,
				CAD101DE2CB68DFA00CA9C6A /* TileModifier.swift in Sources */,
				CA2E936A2CAFAEC000A883F1 /* NotificationManager.swift in Sources */,
				CA2E936C2CAFB05800A883F1 /* Notification.swift in Sources */,
				CAEE164B2CAD082500210BD0 /* User.swift in Sources */,
				CA4E71AB2CB78DE900BAA70C /* CourseIntroView.swift in Sources */,
				CA17FC772CB009680050250B /* TitleColor.swift in Sources */,
				CA114FD72CB62D2A00AD5AD9 /* CourseListViewModel.swift in Sources */,
				CA114FDA2CB62E7D00AD5AD9 /* NavigationTitleModifier.swift in Sources */,
				CAEDDAB92CB53B3F0046162D /* BasicSignupFocusField.swift in Sources */,
				CAEE164F2CAD096C00210BD0 /* NotificationType.swift in Sources */,
				CA4E71A82CB78B8400BAA70C /* CourseViewModel.swift in Sources */,
				CAB77FD72CB8EC2900DF11D6 /* CourseToolbarModifier.swift in Sources */,
				CA92DDBB2CB7D7CD00A7D2A4 /* BasicEconomy5View.swift in Sources */,
				CA3BBAAE2CB50144007CA152 /* BasicSignupViewModel.swift in Sources */,
				CA08F3A02CB839600093117E /* PriceLevel5View.swift in Sources */,
				CA9BB9D72CABA94400886A1A /* MainTabView.swift in Sources */,
				CA17FC8A2CB01E820050250B /* CornerRadius.swift in Sources */,
				CA17FC8C2CB01EBF0050250B /* RoundCorner.swift in Sources */,
			);
			runOnlyForDeploymentPostprocessing = 0;
		};
/* End PBXSourcesBuildPhase section */

/* Begin XCBuildConfiguration section */
		CA8347882CAAE28600BA1E4A /* Debug */ = {
			isa = XCBuildConfiguration;
			baseConfigurationReference = CA662BD12CAD79F0009E8D5F /* Config.xcconfig */;
			buildSettings = {
				ALWAYS_SEARCH_USER_PATHS = NO;
				ASSETCATALOG_COMPILER_GENERATE_SWIFT_ASSET_SYMBOL_EXTENSIONS = YES;
				CLANG_ANALYZER_NONNULL = YES;
				CLANG_ANALYZER_NUMBER_OBJECT_CONVERSION = YES_AGGRESSIVE;
				CLANG_CXX_LANGUAGE_STANDARD = "gnu++20";
				CLANG_ENABLE_MODULES = YES;
				CLANG_ENABLE_OBJC_ARC = YES;
				CLANG_ENABLE_OBJC_WEAK = YES;
				CLANG_WARN_BLOCK_CAPTURE_AUTORELEASING = YES;
				CLANG_WARN_BOOL_CONVERSION = YES;
				CLANG_WARN_COMMA = YES;
				CLANG_WARN_CONSTANT_CONVERSION = YES;
				CLANG_WARN_DEPRECATED_OBJC_IMPLEMENTATIONS = YES;
				CLANG_WARN_DIRECT_OBJC_ISA_USAGE = YES_ERROR;
				CLANG_WARN_DOCUMENTATION_COMMENTS = YES;
				CLANG_WARN_EMPTY_BODY = YES;
				CLANG_WARN_ENUM_CONVERSION = YES;
				CLANG_WARN_INFINITE_RECURSION = YES;
				CLANG_WARN_INT_CONVERSION = YES;
				CLANG_WARN_NON_LITERAL_NULL_CONVERSION = YES;
				CLANG_WARN_OBJC_IMPLICIT_RETAIN_SELF = YES;
				CLANG_WARN_OBJC_LITERAL_CONVERSION = YES;
				CLANG_WARN_OBJC_ROOT_CLASS = YES_ERROR;
				CLANG_WARN_QUOTED_INCLUDE_IN_FRAMEWORK_HEADER = YES;
				CLANG_WARN_RANGE_LOOP_ANALYSIS = YES;
				CLANG_WARN_STRICT_PROTOTYPES = YES;
				CLANG_WARN_SUSPICIOUS_MOVE = YES;
				CLANG_WARN_UNGUARDED_AVAILABILITY = YES_AGGRESSIVE;
				CLANG_WARN_UNREACHABLE_CODE = YES;
				CLANG_WARN__DUPLICATE_METHOD_MATCH = YES;
				COPY_PHASE_STRIP = NO;
				DEBUG_INFORMATION_FORMAT = dwarf;
				ENABLE_STRICT_OBJC_MSGSEND = YES;
				ENABLE_TESTABILITY = YES;
				ENABLE_USER_SCRIPT_SANDBOXING = YES;
				GCC_C_LANGUAGE_STANDARD = gnu17;
				GCC_DYNAMIC_NO_PIC = NO;
				GCC_NO_COMMON_BLOCKS = YES;
				GCC_OPTIMIZATION_LEVEL = 0;
				GCC_PREPROCESSOR_DEFINITIONS = (
					"DEBUG=1",
					"$(inherited)",
				);
				GCC_WARN_64_TO_32_BIT_CONVERSION = YES;
				GCC_WARN_ABOUT_RETURN_TYPE = YES_ERROR;
				GCC_WARN_UNDECLARED_SELECTOR = YES;
				GCC_WARN_UNINITIALIZED_AUTOS = YES_AGGRESSIVE;
				GCC_WARN_UNUSED_FUNCTION = YES;
				GCC_WARN_UNUSED_VARIABLE = YES;
				IPHONEOS_DEPLOYMENT_TARGET = 18.0;
				LOCALIZATION_PREFERS_STRING_CATALOGS = YES;
				MTL_ENABLE_DEBUG_INFO = INCLUDE_SOURCE;
				MTL_FAST_MATH = YES;
				ONLY_ACTIVE_ARCH = YES;
				SDKROOT = iphoneos;
				SWIFT_ACTIVE_COMPILATION_CONDITIONS = "DEBUG $(inherited)";
				SWIFT_OPTIMIZATION_LEVEL = "-Onone";
			};
			name = Debug;
		};
		CA8347892CAAE28600BA1E4A /* Release */ = {
			isa = XCBuildConfiguration;
			baseConfigurationReference = CA662BD12CAD79F0009E8D5F /* Config.xcconfig */;
			buildSettings = {
				ALWAYS_SEARCH_USER_PATHS = NO;
				ASSETCATALOG_COMPILER_GENERATE_SWIFT_ASSET_SYMBOL_EXTENSIONS = YES;
				CLANG_ANALYZER_NONNULL = YES;
				CLANG_ANALYZER_NUMBER_OBJECT_CONVERSION = YES_AGGRESSIVE;
				CLANG_CXX_LANGUAGE_STANDARD = "gnu++20";
				CLANG_ENABLE_MODULES = YES;
				CLANG_ENABLE_OBJC_ARC = YES;
				CLANG_ENABLE_OBJC_WEAK = YES;
				CLANG_WARN_BLOCK_CAPTURE_AUTORELEASING = YES;
				CLANG_WARN_BOOL_CONVERSION = YES;
				CLANG_WARN_COMMA = YES;
				CLANG_WARN_CONSTANT_CONVERSION = YES;
				CLANG_WARN_DEPRECATED_OBJC_IMPLEMENTATIONS = YES;
				CLANG_WARN_DIRECT_OBJC_ISA_USAGE = YES_ERROR;
				CLANG_WARN_DOCUMENTATION_COMMENTS = YES;
				CLANG_WARN_EMPTY_BODY = YES;
				CLANG_WARN_ENUM_CONVERSION = YES;
				CLANG_WARN_INFINITE_RECURSION = YES;
				CLANG_WARN_INT_CONVERSION = YES;
				CLANG_WARN_NON_LITERAL_NULL_CONVERSION = YES;
				CLANG_WARN_OBJC_IMPLICIT_RETAIN_SELF = YES;
				CLANG_WARN_OBJC_LITERAL_CONVERSION = YES;
				CLANG_WARN_OBJC_ROOT_CLASS = YES_ERROR;
				CLANG_WARN_QUOTED_INCLUDE_IN_FRAMEWORK_HEADER = YES;
				CLANG_WARN_RANGE_LOOP_ANALYSIS = YES;
				CLANG_WARN_STRICT_PROTOTYPES = YES;
				CLANG_WARN_SUSPICIOUS_MOVE = YES;
				CLANG_WARN_UNGUARDED_AVAILABILITY = YES_AGGRESSIVE;
				CLANG_WARN_UNREACHABLE_CODE = YES;
				CLANG_WARN__DUPLICATE_METHOD_MATCH = YES;
				COPY_PHASE_STRIP = NO;
				DEBUG_INFORMATION_FORMAT = "dwarf-with-dsym";
				ENABLE_NS_ASSERTIONS = NO;
				ENABLE_STRICT_OBJC_MSGSEND = YES;
				ENABLE_USER_SCRIPT_SANDBOXING = YES;
				GCC_C_LANGUAGE_STANDARD = gnu17;
				GCC_NO_COMMON_BLOCKS = YES;
				GCC_WARN_64_TO_32_BIT_CONVERSION = YES;
				GCC_WARN_ABOUT_RETURN_TYPE = YES_ERROR;
				GCC_WARN_UNDECLARED_SELECTOR = YES;
				GCC_WARN_UNINITIALIZED_AUTOS = YES_AGGRESSIVE;
				GCC_WARN_UNUSED_FUNCTION = YES;
				GCC_WARN_UNUSED_VARIABLE = YES;
				IPHONEOS_DEPLOYMENT_TARGET = 18.0;
				LOCALIZATION_PREFERS_STRING_CATALOGS = YES;
				MTL_ENABLE_DEBUG_INFO = NO;
				MTL_FAST_MATH = YES;
				SDKROOT = iphoneos;
				SWIFT_COMPILATION_MODE = wholemodule;
				VALIDATE_PRODUCT = YES;
			};
			name = Release;
		};
		CA83478B2CAAE28600BA1E4A /* Debug */ = {
			isa = XCBuildConfiguration;
			baseConfigurationReference = CA662BD12CAD79F0009E8D5F /* Config.xcconfig */;
			buildSettings = {
				ASSETCATALOG_COMPILER_APPICON_NAME = AppIcon;
				ASSETCATALOG_COMPILER_GLOBAL_ACCENT_COLOR_NAME = AccentColor;
				CODE_SIGN_ENTITLEMENTS = EconomyStock/EconomyStock.entitlements;
				CODE_SIGN_STYLE = Automatic;
				CURRENT_PROJECT_VERSION = 1;
				DEVELOPMENT_ASSET_PATHS = "\"EconomyStock/Preview Content\"";
				DEVELOPMENT_TEAM = B3TSGMGBBP;
				ENABLE_PREVIEWS = YES;
				GENERATE_INFOPLIST_FILE = YES;
				INFOPLIST_FILE = EconomyStock/Info.plist;
				INFOPLIST_KEY_UIApplicationSceneManifest_Generation = YES;
				INFOPLIST_KEY_UIApplicationSupportsIndirectInputEvents = YES;
				INFOPLIST_KEY_UILaunchScreen_Generation = YES;
				INFOPLIST_KEY_UISupportedInterfaceOrientations_iPad = "UIInterfaceOrientationPortrait UIInterfaceOrientationPortraitUpsideDown UIInterfaceOrientationLandscapeLeft UIInterfaceOrientationLandscapeRight";
				INFOPLIST_KEY_UISupportedInterfaceOrientations_iPhone = "UIInterfaceOrientationPortrait UIInterfaceOrientationLandscapeLeft UIInterfaceOrientationLandscapeRight";
				LD_RUNPATH_SEARCH_PATHS = (
					"$(inherited)",
					"@executable_path/Frameworks",
				);
				MARKETING_VERSION = 1.0;
				PRODUCT_BUNDLE_IDENTIFIER = KHI.EconomyStock;
				PRODUCT_NAME = "$(TARGET_NAME)";
				SUPPORTED_PLATFORMS = "iphoneos iphonesimulator";
				SUPPORTS_MACCATALYST = NO;
				SUPPORTS_MAC_DESIGNED_FOR_IPHONE_IPAD = NO;
				SUPPORTS_XR_DESIGNED_FOR_IPHONE_IPAD = NO;
				SWIFT_EMIT_LOC_STRINGS = YES;
				SWIFT_VERSION = 5.0;
				TARGETED_DEVICE_FAMILY = 1;
			};
			name = Debug;
		};
		CA83478C2CAAE28600BA1E4A /* Release */ = {
			isa = XCBuildConfiguration;
			baseConfigurationReference = CA662BD12CAD79F0009E8D5F /* Config.xcconfig */;
			buildSettings = {
				ASSETCATALOG_COMPILER_APPICON_NAME = AppIcon;
				ASSETCATALOG_COMPILER_GLOBAL_ACCENT_COLOR_NAME = AccentColor;
				CODE_SIGN_ENTITLEMENTS = EconomyStock/EconomyStock.entitlements;
				CODE_SIGN_STYLE = Automatic;
				CURRENT_PROJECT_VERSION = 1;
				DEVELOPMENT_ASSET_PATHS = "\"EconomyStock/Preview Content\"";
				DEVELOPMENT_TEAM = B3TSGMGBBP;
				ENABLE_PREVIEWS = YES;
				GENERATE_INFOPLIST_FILE = YES;
				INFOPLIST_FILE = EconomyStock/Info.plist;
				INFOPLIST_KEY_UIApplicationSceneManifest_Generation = YES;
				INFOPLIST_KEY_UIApplicationSupportsIndirectInputEvents = YES;
				INFOPLIST_KEY_UILaunchScreen_Generation = YES;
				INFOPLIST_KEY_UISupportedInterfaceOrientations_iPad = "UIInterfaceOrientationPortrait UIInterfaceOrientationPortraitUpsideDown UIInterfaceOrientationLandscapeLeft UIInterfaceOrientationLandscapeRight";
				INFOPLIST_KEY_UISupportedInterfaceOrientations_iPhone = "UIInterfaceOrientationPortrait UIInterfaceOrientationLandscapeLeft UIInterfaceOrientationLandscapeRight";
				LD_RUNPATH_SEARCH_PATHS = (
					"$(inherited)",
					"@executable_path/Frameworks",
				);
				MARKETING_VERSION = 1.0;
				PRODUCT_BUNDLE_IDENTIFIER = KHI.EconomyStock;
				PRODUCT_NAME = "$(TARGET_NAME)";
				SUPPORTED_PLATFORMS = "iphoneos iphonesimulator";
				SUPPORTS_MACCATALYST = NO;
				SUPPORTS_MAC_DESIGNED_FOR_IPHONE_IPAD = NO;
				SUPPORTS_XR_DESIGNED_FOR_IPHONE_IPAD = NO;
				SWIFT_EMIT_LOC_STRINGS = YES;
				SWIFT_VERSION = 5.0;
				TARGETED_DEVICE_FAMILY = 1;
			};
			name = Release;
		};
/* End XCBuildConfiguration section */

/* Begin XCConfigurationList section */
		CA8347772CAAE28500BA1E4A /* Build configuration list for PBXProject "EconomyStock" */ = {
			isa = XCConfigurationList;
			buildConfigurations = (
				CA8347882CAAE28600BA1E4A /* Debug */,
				CA8347892CAAE28600BA1E4A /* Release */,
			);
			defaultConfigurationIsVisible = 0;
			defaultConfigurationName = Release;
		};
		CA83478A2CAAE28600BA1E4A /* Build configuration list for PBXNativeTarget "EconomyStock" */ = {
			isa = XCConfigurationList;
			buildConfigurations = (
				CA83478B2CAAE28600BA1E4A /* Debug */,
				CA83478C2CAAE28600BA1E4A /* Release */,
			);
			defaultConfigurationIsVisible = 0;
			defaultConfigurationName = Release;
		};
/* End XCConfigurationList section */

/* Begin XCRemoteSwiftPackageReference section */
		CA1DDD362CB0E75000C84D08 /* XCRemoteSwiftPackageReference "lottie-ios" */ = {
			isa = XCRemoteSwiftPackageReference;
			repositoryURL = "https://github.com/airbnb/lottie-ios";
			requirement = {
				kind = upToNextMajorVersion;
				minimumVersion = 4.5.0;
			};
		};
		CA662BC82CAD72E6009E8D5F /* XCRemoteSwiftPackageReference "kakao-ios-sdk" */ = {
			isa = XCRemoteSwiftPackageReference;
			repositoryURL = "https://github.com/kakao/kakao-ios-sdk";
			requirement = {
				kind = upToNextMajorVersion;
				minimumVersion = 2.22.7;
			};
		};
		CA6C54D22CB160A1008CF887 /* XCRemoteSwiftPackageReference "GoogleSignIn-iOS" */ = {
			isa = XCRemoteSwiftPackageReference;
			repositoryURL = "https://github.com/google/GoogleSignIn-iOS";
			requirement = {
				kind = upToNextMajorVersion;
				minimumVersion = 8.0.0;
			};
		};
		CA9BB9DA2CABAACF00886A1A /* XCRemoteSwiftPackageReference "firebase-ios-sdk" */ = {
			isa = XCRemoteSwiftPackageReference;
			repositoryURL = "https://github.com/firebase/firebase-ios-sdk";
			requirement = {
				kind = upToNextMajorVersion;
				minimumVersion = 11.3.0;
			};
		};
		CAEE16532CAD0C8100210BD0 /* XCRemoteSwiftPackageReference "CryptoSwift" */ = {
			isa = XCRemoteSwiftPackageReference;
			repositoryURL = "https://github.com/krzyzanowskim/CryptoSwift";
			requirement = {
				kind = upToNextMajorVersion;
				minimumVersion = 1.8.3;
			};
		};
/* End XCRemoteSwiftPackageReference section */

/* Begin XCSwiftPackageProductDependency section */
		CA10C02D2CAF85C1007DAB3A /* FirebaseMessaging */ = {
			isa = XCSwiftPackageProductDependency;
			package = CA9BB9DA2CABAACF00886A1A /* XCRemoteSwiftPackageReference "firebase-ios-sdk" */;
			productName = FirebaseMessaging;
		};
		CA1DDD372CB0E75000C84D08 /* Lottie */ = {
			isa = XCSwiftPackageProductDependency;
			package = CA1DDD362CB0E75000C84D08 /* XCRemoteSwiftPackageReference "lottie-ios" */;
			productName = Lottie;
		};
		CA662BC92CAD72E6009E8D5F /* KakaoSDKAuth */ = {
			isa = XCSwiftPackageProductDependency;
			package = CA662BC82CAD72E6009E8D5F /* XCRemoteSwiftPackageReference "kakao-ios-sdk" */;
			productName = KakaoSDKAuth;
		};
		CA662BCB2CAD72E6009E8D5F /* KakaoSDKCommon */ = {
			isa = XCSwiftPackageProductDependency;
			package = CA662BC82CAD72E6009E8D5F /* XCRemoteSwiftPackageReference "kakao-ios-sdk" */;
			productName = KakaoSDKCommon;
		};
		CA662BCD2CAD72E6009E8D5F /* KakaoSDKUser */ = {
			isa = XCSwiftPackageProductDependency;
			package = CA662BC82CAD72E6009E8D5F /* XCRemoteSwiftPackageReference "kakao-ios-sdk" */;
			productName = KakaoSDKUser;
		};
		CA6C54D32CB160A1008CF887 /* GoogleSignIn */ = {
			isa = XCSwiftPackageProductDependency;
			package = CA6C54D22CB160A1008CF887 /* XCRemoteSwiftPackageReference "GoogleSignIn-iOS" */;
			productName = GoogleSignIn;
		};
		CA6C54D52CB160A1008CF887 /* GoogleSignInSwift */ = {
			isa = XCSwiftPackageProductDependency;
			package = CA6C54D22CB160A1008CF887 /* XCRemoteSwiftPackageReference "GoogleSignIn-iOS" */;
			productName = GoogleSignInSwift;
		};
		CA9BB9DB2CABAACF00886A1A /* FirebaseAuth */ = {
			isa = XCSwiftPackageProductDependency;
			package = CA9BB9DA2CABAACF00886A1A /* XCRemoteSwiftPackageReference "firebase-ios-sdk" */;
			productName = FirebaseAuth;
		};
		CA9BB9DD2CABAACF00886A1A /* FirebaseFirestore */ = {
			isa = XCSwiftPackageProductDependency;
			package = CA9BB9DA2CABAACF00886A1A /* XCRemoteSwiftPackageReference "firebase-ios-sdk" */;
			productName = FirebaseFirestore;
		};
		CA9BB9DF2CABAACF00886A1A /* FirebaseStorage */ = {
			isa = XCSwiftPackageProductDependency;
			package = CA9BB9DA2CABAACF00886A1A /* XCRemoteSwiftPackageReference "firebase-ios-sdk" */;
			productName = FirebaseStorage;
		};
		CAEE16542CAD0C8100210BD0 /* CryptoSwift */ = {
			isa = XCSwiftPackageProductDependency;
			package = CAEE16532CAD0C8100210BD0 /* XCRemoteSwiftPackageReference "CryptoSwift" */;
			productName = CryptoSwift;
		};
/* End XCSwiftPackageProductDependency section */
	};
	rootObject = CA8347742CAAE28500BA1E4A /* Project object */;
}
